Microsoft Visual Studio Solution File, Format Version 12.00
# Visual Studio Version 17
VisualStudioVersion = 17.7.34221.43
MinimumVisualStudioVersion = 10.0.40219.1
Project("{9A19103F-16F7-4668-BE54-9A1E7A4F7556}") = "Hospital", "BacSi_CNPM\Hospital.csproj", "{FAEC4F65-659A-4994-91BC-12E9E5E41DDA}"
EndProject
Project("{9A19103F-16F7-4668-BE54-9A1E7A4F7556}") = "DataAccessTier", "DataAccessTier\DataAccessTier.csproj", "{B60A7A30-B1B4-4228-A62A-95788351899A}"
EndProject
Project("{2150E333-8FDC-42A3-9474-1A3956D46DE8}") = "Models", "Models", "{93CB6AC9-3D70-4616-92AC-5C08F4B2AC5B}"
EndProject
Project("{9A19103F-16F7-4668-BE54-9A1E7A4F7556}") = "DTO", "DTO\DTO.csproj", "{8BB5B892-1C88-4312-A483-5D92AA853B90}"
EndProject
Project("{2150E333-8FDC-42A3-9474-1A3956D46DE8}") = "Views", "Views", "{0DE3AE73-F76B-407B-9D72-23949FEB2E94}"
EndProject
Project("{2150E333-8FDC-42A3-9474-1A3956D46DE8}") = "Controller", "Controller", "{F385321C-2FC7-4619-9A2F-66EE5D21E57C}"
EndProject
Project("{FAE04EC0-301F-11D3-BF4B-00C04F79EFBC}") = "BusinessLogicTier", "BusinessLogicTier\BusinessLogicTier.csproj", "{1246F888-96D6-4A86-BF51-844564A20180}"
EndProject
Project("{FAE04EC0-301F-11D3-BF4B-00C04F79EFBC}") = "test", "test\test.csproj", "{B40831C7-C1B3-408A-A107-68FAA4491E32}"
EndProject
Global
	GlobalSection(SolutionConfigurationPlatforms) = preSolution
		Debug|Any CPU = Debug|Any CPU
		Release|Any CPU = Release|Any CPU
	EndGlobalSection
	GlobalSection(ProjectConfigurationPlatforms) = postSolution
		{FAEC4F65-659A-4994-91BC-12E9E5E41DDA}.Debug|Any CPU.ActiveCfg = Debug|Any CPU
		{FAEC4F65-659A-4994-91BC-12E9E5E41DDA}.Debug|Any CPU.Build.0 = Debug|Any CPU
		{FAEC4F65-659A-4994-91BC-12E9E5E41DDA}.Release|Any CPU.ActiveCfg = Release|Any CPU
		{FAEC4F65-659A-4994-91BC-12E9E5E41DDA}.Release|Any CPU.Build.0 = Release|Any CPU
		{B60A7A30-B1B4-4228-A62A-95788351899A}.Debug|Any CPU.ActiveCfg = Debug|Any CPU
		{B60A7A30-B1B4-4228-A62A-95788351899A}.Debug|Any CPU.Build.0 = Debug|Any CPU
		{B60A7A30-B1B4-4228-A62A-95788351899A}.Release|Any CPU.ActiveCfg = Release|Any CPU
		{B60A7A30-B1B4-4228-A62A-95788351899A}.Release|Any CPU.Build.0 = Release|Any CPU
		{8BB5B892-1C88-4312-A483-5D92AA853B90}.Debug|Any CPU.ActiveCfg = Debug|Any CPU
		{8BB5B892-1C88-4312-A483-5D92AA853B90}.Debug|Any CPU.Build.0 = Debug|Any CPU
		{8BB5B892-1C88-4312-A483-5D92AA853B90}.Release|Any CPU.ActiveCfg = Release|Any CPU
		{8BB5B892-1C88-4312-A483-5D92AA853B90}.Release|Any CPU.Build.0 = Release|Any CPU
		{1246F888-96D6-4A86-BF51-844564A20180}.Debug|Any CPU.ActiveCfg = Debug|Any CPU
		{1246F888-96D6-4A86-BF51-844564A20180}.Debug|Any CPU.Build.0 = Debug|Any CPU
		{1246F888-96D6-4A86-BF51-844564A20180}.Release|Any CPU.ActiveCfg = Release|Any CPU
		{1246F888-96D6-4A86-BF51-844564A20180}.Release|Any CPU.Build.0 = Release|Any CPU
		{B40831C7-C1B3-408A-A107-68FAA4491E32}.Debug|Any CPU.ActiveCfg = Debug|Any CPU
		{B40831C7-C1B3-408A-A107-68FAA4491E32}.Debug|Any CPU.Build.0 = Debug|Any CPU
		{B40831C7-C1B3-408A-A107-68FAA4491E32}.Release|Any CPU.ActiveCfg = Release|Any CPU
		{B40831C7-C1B3-408A-A107-68FAA4491E32}.Release|Any CPU.Build.0 = Release|Any CPU
	EndGlobalSection
	GlobalSection(SolutionProperties) = preSolution
		HideSolutionNode = FALSE
	EndGlobalSection
	GlobalSection(NestedProjects) = preSolution
		{FAEC4F65-659A-4994-91BC-12E9E5E41DDA} = {0DE3AE73-F76B-407B-9D72-23949FEB2E94}
		{B60A7A30-B1B4-4228-A62A-95788351899A} = {93CB6AC9-3D70-4616-92AC-5C08F4B2AC5B}
		{8BB5B892-1C88-4312-A483-5D92AA853B90} = {93CB6AC9-3D70-4616-92AC-5C08F4B2AC5B}
		{1246F888-96D6-4A86-BF51-844564A20180} = {F385321C-2FC7-4619-9A2F-66EE5D21E57C}
	EndGlobalSection
	GlobalSection(ExtensibilityGlobals) = postSolution
		SolutionGuid = {241F7276-20BE-46C4-8D66-38B72CE7BC87}
	EndGlobalSection
EndGlobal
